
Microsoft Visual Studio Solution File, Format Version 12.00
# Visual Studio Version 17
VisualStudioVersion = 17.14.36408.4 d17.14
MinimumVisualStudioVersion = 10.0.40219.1
Project("{FAE04EC0-301F-11D3-BF4B-00C04F79EFBC}") = "cinema ticket project", "cinema ticket project\cinema ticket project.csproj", "{5A8583C1-A806-4A3C-8141-50C68BD254A3}"
EndProject
Global
	GlobalSection(SolutionConfigurationPlatforms) = preSolution
		Debug|Any CPU = Debug|Any CPU
		Release|Any CPU = Release|Any CPU
	EndGlobalSection
	GlobalSection(ProjectConfigurationPlatforms) = postSolution
		{5A8583C1-A806-4A3C-8141-50C68BD254A3}.Debug|Any CPU.ActiveCfg = Debug|Any CPU
		{5A8583C1-A806-4A3C-8141-50C68BD254A3}.Debug|Any CPU.Build.0 = Debug|Any CPU
		{5A8583C1-A806-4A3C-8141-50C68BD254A3}.Release|Any CPU.ActiveCfg = Release|Any CPU
		{5A8583C1-A806-4A3C-8141-50C68BD254A3}.Release|Any CPU.Build.0 = Release|Any CPU
	EndGlobalSection
	GlobalSection(SolutionProperties) = preSolution
		HideSolutionNode = FALSE
	EndGlobalSection
	GlobalSection(ExtensibilityGlobals) = postSolution
		SolutionGuid = {448EC024-07E6-4CDE-B86E-645659D0CC2D}
	EndGlobalSection
EndGlobal
